// !$*UTF8*$!
{
	archiveVersion = 1;
	classes = {
	};
	objectVersion = 46;
	objects = {

/* Begin PBXBuildFile section */
		C1390FF51F130915005079C9 /* AppDelegate.swift in Sources */ = {isa = PBXBuildFile; fileRef = C1390FF41F130915005079C9 /* AppDelegate.swift */; };
		C1390FF71F130915005079C9 /* ViewController.swift in Sources */ = {isa = PBXBuildFile; fileRef = C1390FF61F130915005079C9 /* ViewController.swift */; };
		C1390FFA1F130915005079C9 /* Main.storyboard in Resources */ = {isa = PBXBuildFile; fileRef = C1390FF81F130915005079C9 /* Main.storyboard */; };
		C1390FFC1F130915005079C9 /* Assets.xcassets in Resources */ = {isa = PBXBuildFile; fileRef = C1390FFB1F130915005079C9 /* Assets.xcassets */; };
		C1390FFF1F130915005079C9 /* LaunchScreen.storyboard in Resources */ = {isa = PBXBuildFile; fileRef = C1390FFD1F130915005079C9 /* LaunchScreen.storyboard */; };
		C13910121F130923005079C9 /* ClockFace.png in Resources */ = {isa = PBXBuildFile; fileRef = C13910071F130923005079C9 /* ClockFace.png */; };
		C13910131F130923005079C9 /* ClockFace@2x.png in Resources */ = {isa = PBXBuildFile; fileRef = C13910081F130923005079C9 /* ClockFace@2x.png */; };
		C13910141F130923005079C9 /* Default-568h@2x.png in Resources */ = {isa = PBXBuildFile; fileRef = C13910091F130923005079C9 /* Default-568h@2x.png */; };
		C13910151F130923005079C9 /* Default.png in Resources */ = {isa = PBXBuildFile; fileRef = C139100A1F130923005079C9 /* Default.png */; };
		C13910161F130923005079C9 /* Default@2x.png in Resources */ = {isa = PBXBuildFile; fileRef = C139100B1F130923005079C9 /* Default@2x.png */; };
		C13910171F130923005079C9 /* HourHand.png in Resources */ = {isa = PBXBuildFile; fileRef = C139100C1F130923005079C9 /* HourHand.png */; };
		C13910181F130923005079C9 /* HourHand@2x.png in Resources */ = {isa = PBXBuildFile; fileRef = C139100D1F130923005079C9 /* HourHand@2x.png */; };
		C13910191F130923005079C9 /* MinuteHand.png in Resources */ = {isa = PBXBuildFile; fileRef = C139100E1F130923005079C9 /* MinuteHand.png */; };
		C139101A1F130923005079C9 /* MinuteHand@2x.png in Resources */ = {isa = PBXBuildFile; fileRef = C139100F1F130923005079C9 /* MinuteHand@2x.png */; };
		C139101B1F130923005079C9 /* SecondHand.png in Resources */ = {isa = PBXBuildFile; fileRef = C13910101F130923005079C9 /* SecondHand.png */; };
		C139101C1F130923005079C9 /* SecondHand@2x.png in Resources */ = {isa = PBXBuildFile; fileRef = C13910111F130923005079C9 /* SecondHand@2x.png */; };
/* End PBXBuildFile section */

/* Begin PBXFileReference section */
		C1390FF11F130915005079C9 /* ClockFace.app */ = {isa = PBXFileReference; explicitFileType = wrapper.application; includeInIndex = 0; path = ClockFace.app; sourceTree = BUILT_PRODUCTS_DIR; };
		C1390FF41F130915005079C9 /* AppDelegate.swift */ = {isa = PBXFileReference; lastKnownFileType = sourcecode.swift; path = AppDelegate.swift; sourceTree = "<group>"; };
		C1390FF61F130915005079C9 /* ViewController.swift */ = {isa = PBXFileReference; lastKnownFileType = sourcecode.swift; path = ViewController.swift; sourceTree = "<group>"; };
		C1390FF91F130915005079C9 /* Base */ = {isa = PBXFileReference; lastKnownFileType = file.storyboard; name = Base; path = Base.lproj/Main.storyboard; sourceTree = "<group>"; };
		C1390FFB1F130915005079C9 /* Assets.xcassets */ = {isa = PBXFileReference; lastKnownFileType = folder.assetcatalog; path = Assets.xcassets; sourceTree = "<group>"; };
		C1390FFE1F130915005079C9 /* Base */ = {isa = PBXFileReference; lastKnownFileType = file.storyboard; name = Base; path = Base.lproj/LaunchScreen.storyboard; sourceTree = "<group>"; };
		C13910001F130915005079C9 /* Info.plist */ = {isa = PBXFileReference; lastKnownFileType = text.plist.xml; path = Info.plist; sourceTree = "<group>"; };
		C13910071F130923005079C9 /* ClockFace.png */ = {isa = PBXFileReference; lastKnownFileType = image.png; path = ClockFace.png; sourceTree = "<group>"; };
		C13910081F130923005079C9 /* ClockFace@2x.png */ = {isa = PBXFileReference; lastKnownFileType = image.png; path = "ClockFace@2x.png"; sourceTree = "<group>"; };
		C13910091F130923005079C9 /* Default-568h@2x.png */ = {isa = PBXFileReference; lastKnownFileType = image.png; path = "Default-568h@2x.png"; sourceTree = "<group>"; };
		C139100A1F130923005079C9 /* Default.png */ = {isa = PBXFileReference; lastKnownFileType = image.png; path = Default.png; sourceTree = "<group>"; };
		C139100B1F130923005079C9 /* Default@2x.png */ = {isa = PBXFileReference; lastKnownFileType = image.png; path = "Default@2x.png"; sourceTree = "<group>"; };
		C139100C1F130923005079C9 /* HourHand.png */ = {isa = PBXFileReference; lastKnownFileType = image.png; path = HourHand.png; sourceTree = "<group>"; };
		C139100D1F130923005079C9 /* HourHand@2x.png */ = {isa = PBXFileReference; lastKnownFileType = image.png; path = "HourHand@2x.png"; sourceTree = "<group>"; };
		C139100E1F130923005079C9 /* MinuteHand.png */ = {isa = PBXFileReference; lastKnownFileType = image.png; path = MinuteHand.png; sourceTree = "<group>"; };
		C139100F1F130923005079C9 /* MinuteHand@2x.png */ = {isa = PBXFileReference; lastKnownFileType = image.png; path = "MinuteHand@2x.png"; sourceTree = "<group>"; };
		C13910101F130923005079C9 /* SecondHand.png */ = {isa = PBXFileReference; lastKnownFileType = image.png; path = SecondHand.png; sourceTree = "<group>"; };
		C13910111F130923005079C9 /* SecondHand@2x.png */ = {isa = PBXFileReference; lastKnownFileType = image.png; path = "SecondHand@2x.png"; sourceTree = "<group>"; };
/* End PBXFileReference section */

/* Begin PBXFrameworksBuildPhase section */
		C1390FEE1F130915005079C9 /* Frameworks */ = {
			isa = PBXFrameworksBuildPhase;
			buildActionMask = 2147483647;
			files = (
			);
			runOnlyForDeploymentPostprocessing = 0;
		};
/* End PBXFrameworksBuildPhase section */

/* Begin PBXGroup section */
		C1390FE81F130915005079C9 = {
			isa = PBXGroup;
			children = (
				C1390FF31F130915005079C9 /* ClockFace */,
				C1390FF21F130915005079C9 /* Products */,
			);
			sourceTree = "<group>";
		};
		C1390FF21F130915005079C9 /* Products */ = {
			isa = PBXGroup;
			children = (
				C1390FF11F130915005079C9 /* ClockFace.app */,
			);
			name = Products;
			sourceTree = "<group>";
		};
		C1390FF31F130915005079C9 /* ClockFace */ = {
			isa = PBXGroup;
			children = (
				C13910061F130923005079C9 /* Images */,
				C1390FF41F130915005079C9 /* AppDelegate.swift */,
				C1390FF61F130915005079C9 /* ViewController.swift */,
				C1390FF81F130915005079C9 /* Main.storyboard */,
				C1390FFB1F130915005079C9 /* Assets.xcassets */,
				C1390FFD1F130915005079C9 /* LaunchScreen.storyboard */,
				C13910001F130915005079C9 /* Info.plist */,
			);
			path = ClockFace;
			sourceTree = "<group>";
		};
		C13910061F130923005079C9 /* Images */ = {
			isa = PBXGroup;
			children = (
				C13910071F130923005079C9 /* ClockFace.png */,
				C13910081F130923005079C9 /* ClockFace@2x.png */,
				C13910091F130923005079C9 /* Default-568h@2x.png */,
				C139100A1F130923005079C9 /* Default.png */,
				C139100B1F130923005079C9 /* Default@2x.png */,
				C139100C1F130923005079C9 /* HourHand.png */,
				C139100D1F130923005079C9 /* HourHand@2x.png */,
				C139100E1F130923005079C9 /* MinuteHand.png */,
				C139100F1F130923005079C9 /* MinuteHand@2x.png */,
				C13910101F130923005079C9 /* SecondHand.png */,
				C13910111F130923005079C9 /* SecondHand@2x.png */,
			);
			path = Images;
			sourceTree = "<group>";
		};
/* End PBXGroup section */

/* Begin PBXNativeTarget section */
		C1390FF01F130915005079C9 /* ClockFace */ = {
			isa = PBXNativeTarget;
			buildConfigurationList = C13910031F130915005079C9 /* Build configuration list for PBXNativeTarget "ClockFace" */;
			buildPhases = (
				C1390FED1F130915005079C9 /* Sources */,
				C1390FEE1F130915005079C9 /* Frameworks */,
				C1390FEF1F130915005079C9 /* Resources */,
			);
			buildRules = (
			);
			dependencies = (
			);
			name = ClockFace;
			productName = ClockFace;
			productReference = C1390FF11F130915005079C9 /* ClockFace.app */;
			productType = "com.apple.product-type.application";
		};
/* End PBXNativeTarget section */

/* Begin PBXProject section */
		C1390FE91F130915005079C9 /* Project object */ = {
			isa = PBXProject;
			attributes = {
				LastSwiftUpdateCheck = 0830;
				LastUpgradeCheck = 0830;
				ORGANIZATIONNAME = pxl;
				TargetAttributes = {
					C1390FF01F130915005079C9 = {
						CreatedOnToolsVersion = 8.3.3;
						DevelopmentTeam = QD82P77WSG;
						ProvisioningStyle = Automatic;
					};
				};
			};
			buildConfigurationList = C1390FEC1F130915005079C9 /* Build configuration list for PBXProject "ClockFace" */;
			compatibilityVersion = "Xcode 3.2";
			developmentRegion = English;
			hasScannedForEncodings = 0;
			knownRegions = (
				en,
				Base,
			);
			mainGroup = C1390FE81F130915005079C9;
			productRefGroup = C1390FF21F130915005079C9 /* Products */;
			projectDirPath = "";
			projectRoot = "";
			targets = (
				C1390FF01F130915005079C9 /* ClockFace */,
			);
		};
/* End PBXProject section */

/* Begin PBXResourcesBuildPhase section */
		C1390FEF1F130915005079C9 /* Resources */ = {
			isa = PBXResourcesBuildPhase;
			buildActionMask = 2147483647;
			files = (
				C13910161F130923005079C9 /* Default@2x.png in Resources */,
				C139101C1F130923005079C9 /* SecondHand@2x.png in Resources */,
				C13910181F130923005079C9 /* HourHand@2x.png in Resources */,
				C139101B1F130923005079C9 /* SecondHand.png in Resources */,
				C1390FFF1F130915005079C9 /* LaunchScreen.storyboard in Resources */,
				C1390FFC1F130915005079C9 /* Assets.xcassets in Resources */,
				C13910131F130923005079C9 /* ClockFace@2x.png in Resources */,
				C1390FFA1F130915005079C9 /* Main.storyboard in Resources */,
				C13910151F130923005079C9 /* Default.png in Resources */,
				C13910121F130923005079C9 /* ClockFace.png in Resources */,
				C13910141F130923005079C9 /* Default-568h@2x.png in Resources */,
				C13910171F130923005079C9 /* HourHand.png in Resources */,
				C13910191F130923005079C9 /* MinuteHand.png in Resources */,
				C139101A1F130923005079C9 /* MinuteHand@2x.png in Resources */,
			);
			runOnlyForDeploymentPostprocessing = 0;
		};
/* End PBXResourcesBuildPhase section */

/* Begin PBXSourcesBuildPhase section */
		C1390FED1F130915005079C9 /* Sources */ = {
			isa = PBXSourcesBuildPhase;
			buildActionMask = 2147483647;
			files = (
				C1390FF71F130915005079C9 /* ViewController.swift in Sources */,
				C1390FF51F130915005079C9 /* AppDelegate.swift in Sources */,
			);
			runOnlyForDeploymentPostprocessing = 0;
		};
/* End PBXSourcesBuildPhase section */

/* Begin PBXVariantGroup section */
		C1390FF81F130915005079C9 /* Main.storyboard */ = {
			isa = PBXVariantGroup;
			children = (
				C1390FF91F130915005079C9 /* Base */,
			);
			name = Main.storyboard;
			sourceTree = "<group>";
		};
		C1390FFD1F130915005079C9 /* LaunchScreen.storyboard */ = {
			isa = PBXVariantGroup;
			children = (
				C1390FFE1F130915005079C9 /* Base */,
			);
			name = LaunchScreen.storyboard;
			sourceTree = "<group>";
		};
/* End PBXVariantGroup section */

/* Begin XCBuildConfiguration section */
		C13910011F130915005079C9 /* Debug */ = {
			isa = XCBuildConfiguration;
			buildSettings = {
				ALWAYS_SEARCH_USER_PATHS = NO;
				CLANG_ANALYZER_NONNULL = YES;
				CLANG_ANALYZER_NUMBER_OBJECT_CONVERSION = YES_AGGRESSIVE;
				CLANG_CXX_LANGUAGE_STANDARD = "gnu++0x";
				CLANG_CXX_LIBRARY = "libc++";
				CLANG_ENABLE_MODULES = YES;
				CLANG_ENABLE_OBJC_ARC = YES;
				CLANG_WARN_BOOL_CONVERSION = YES;
				CLANG_WARN_CONSTANT_CONVERSION = YES;
				CLANG_WARN_DIRECT_OBJC_ISA_USAGE = YES_ERROR;
				CLANG_WARN_DOCUMENTATION_COMMENTS = YES;
				CLANG_WARN_EMPTY_BODY = YES;
				CLANG_WARN_ENUM_CONVERSION = YES;
				CLANG_WARN_INFINITE_RECURSION = YES;
				CLANG_WARN_INT_CONVERSION = YES;
				CLANG_WARN_OBJC_ROOT_CLASS = YES_ERROR;
				CLANG_WARN_SUSPICIOUS_MOVE = YES;
				CLANG_WARN_UNREACHABLE_CODE = YES;
				CLANG_WARN__DUPLICATE_METHOD_MATCH = YES;
				"CODE_SIGN_IDENTITY[sdk=iphoneos*]" = "iPhone Developer";
				COPY_PHASE_STRIP = NO;
				DEBUG_INFORMATION_FORMAT = dwarf;
				ENABLE_STRICT_OBJC_MSGSEND = YES;
				ENABLE_TESTABILITY = YES;
				GCC_C_LANGUAGE_STANDARD = gnu99;
				GCC_DYNAMIC_NO_PIC = NO;
				GCC_NO_COMMON_BLOCKS = YES;
				GCC_OPTIMIZATION_LEVEL = 0;
				GCC_PREPROCESSOR_DEFINITIONS = (
					"DEBUG=1",
					"$(inherited)",
				);
				GCC_WARN_64_TO_32_BIT_CONVERSION = YES;
				GCC_WARN_ABOUT_RETURN_TYPE = YES_ERROR;
				GCC_WARN_UNDECLARED_SELECTOR = YES;
				GCC_WARN_UNINITIALIZED_AUTOS = YES_AGGRESSIVE;
				GCC_WARN_UNUSED_FUNCTION = YES;
				GCC_WARN_UNUSED_VARIABLE = YES;
				IPHONEOS_DEPLOYMENT_TARGET = 10.3;
				MTL_ENABLE_DEBUG_INFO = YES;
				ONLY_ACTIVE_ARCH = YES;
				SDKROOT = iphoneos;
				SWIFT_ACTIVE_COMPILATION_CONDITIONS = DEBUG;
				SWIFT_OPTIMIZATION_LEVEL = "-Onone";
			};
			name = Debug;
		};
		C13910021F130915005079C9 /* Release */ = {
			isa = XCBuildConfiguration;
			buildSettings = {
				ALWAYS_SEARCH_USER_PATHS = NO;
				CLANG_ANALYZER_NONNULL = YES;
				CLANG_ANALYZER_NUMBER_OBJECT_CONVERSION = YES_AGGRESSIVE;
				CLANG_CXX_LANGUAGE_STANDARD = "gnu++0x";
				CLANG_CXX_LIBRARY = "libc++";
				CLANG_ENABLE_MODULES = YES;
				CLANG_ENABLE_OBJC_ARC = YES;
				CLANG_WARN_BOOL_CONVERSION = YES;
				CLANG_WARN_CONSTANT_CONVERSION = YES;
				CLANG_WARN_DIRECT_OBJC_ISA_USAGE = YES_ERROR;
				CLANG_WARN_DOCUMENTATION_COMMENTS = YES;
				CLANG_WARN_EMPTY_BODY = YES;
				CLANG_WARN_ENUM_CONVERSION = YES;
				CLANG_WARN_INFINITE_RECURSION = YES;
				CLANG_WARN_INT_CONVERSION = YES;
				CLANG_WARN_OBJC_ROOT_CLASS = YES_ERROR;
				CLANG_WARN_SUSPICIOUS_MOVE = YES;
				CLANG_WARN_UNREACHABLE_CODE = YES;
				CLANG_WARN__DUPLICATE_METHOD_MATCH = YES;
				"CODE_SIGN_IDENTITY[sdk=iphoneos*]" = "iPhone Developer";
				COPY_PHASE_STRIP = NO;
				DEBUG_INFORMATION_FORMAT = "dwarf-with-dsym";
				ENABLE_NS_ASSERTIONS = NO;
				ENABLE_STRICT_OBJC_MSGSEND = YES;
				GCC_C_LANGUAGE_STANDARD = gnu99;
				GCC_NO_COMMON_BLOCKS = YES;
				GCC_WARN_64_TO_32_BIT_CONVERSION = YES;
				GCC_WARN_ABOUT_RETURN_TYPE = YES_ERROR;
				GCC_WARN_UNDECLARED_SELECTOR = YES;
				GCC_WARN_UNINITIALIZED_AUTOS = YES_AGGRESSIVE;
				GCC_WARN_UNUSED_FUNCTION = YES;
				GCC_WARN_UNUSED_VARIABLE = YES;
				IPHONEOS_DEPLOYMENT_TARGET = 10.3;
				MTL_ENABLE_DEBUG_INFO = NO;
				SDKROOT = iphoneos;
				SWIFT_OPTIMIZATION_LEVEL = "-Owholemodule";
				VALIDATE_PRODUCT = YES;
			};
			name = Release;
		};
		C13910041F130915005079C9 /* Debug */ = {
			isa = XCBuildConfiguration;
			buildSettings = {
				ASSETCATALOG_COMPILER_APPICON_NAME = AppIcon;
				DEVELOPMENT_TEAM = QD82P77WSG;
				INFOPLIST_FILE = ClockFace/Info.plist;
				LD_RUNPATH_SEARCH_PATHS = "$(inherited) @executable_path/Frameworks";
				PRODUCT_BUNDLE_IDENTIFIER = com.rocfly.ClockFace;
				PRODUCT_NAME = "$(TARGET_NAME)";
				SWIFT_VERSION = 3.0;
			};
			name = Debug;
		};
		C13910051F130915005079C9 /* Release */ = {
			isa = XCBuildConfiguration;
			buildSettings = {
				ASSETCATALOG_COMPILER_APPICON_NAME = AppIcon;
				DEVELOPMENT_TEAM = QD82P77WSG;
				INFOPLIST_FILE = ClockFace/Info.plist;
				LD_RUNPATH_SEARCH_PATHS = "$(inherited) @executable_path/Frameworks";
				PRODUCT_BUNDLE_IDENTIFIER = com.rocfly.ClockFace;
				PRODUCT_NAME = "$(TARGET_NAME)";
				SWIFT_VERSION = 3.0;
			};
			name = Release;
		};
/* End XCBuildConfiguration section */

/* Begin XCConfigurationList section */
		C1390FEC1F130915005079C9 /* Build configuration list for PBXProject "ClockFace" */ = {
			isa = XCConfigurationList;
			buildConfigurations = (
				C13910011F130915005079C9 /* Debug */,
				C13910021F130915005079C9 /* Release */,
			);
			defaultConfigurationIsVisible = 0;
			defaultConfigurationName = Release;
		};
		C13910031F130915005079C9 /* Build configuration list for PBXNativeTarget "ClockFace" */ = {
			isa = XCConfigurationList;
			buildConfigurations = (
				C13910041F130915005079C9 /* Debug */,
				C13910051F130915005079C9 /* Release */,
			);
			defaultConfigurationIsVisible = 0;
		};
/* End XCConfigurationList section */
	};
	rootObject = C1390FE91F130915005079C9 /* Project object */;
}
