// !$*UTF8*$!
{
	archiveVersion = 1;
	classes = {
	};
	objectVersion = 46;
	objects = {

/* Begin PBXBuildFile section */
		C1BF01F81F20547E0078E7FF /* AppDelegate.swift in Sources */ = {isa = PBXBuildFile; fileRef = C1BF01F71F20547E0078E7FF /* AppDelegate.swift */; };
		C1BF01FA1F20547E0078E7FF /* ViewController.swift in Sources */ = {isa = PBXBuildFile; fileRef = C1BF01F91F20547E0078E7FF /* ViewController.swift */; };
		C1BF01FD1F20547E0078E7FF /* Main.storyboard in Resources */ = {isa = PBXBuildFile; fileRef = C1BF01FB1F20547E0078E7FF /* Main.storyboard */; };
		C1BF01FF1F20547E0078E7FF /* Assets.xcassets in Resources */ = {isa = PBXBuildFile; fileRef = C1BF01FE1F20547E0078E7FF /* Assets.xcassets */; };
		C1BF02021F20547E0078E7FF /* LaunchScreen.storyboard in Resources */ = {isa = PBXBuildFile; fileRef = C1BF02001F20547E0078E7FF /* LaunchScreen.storyboard */; };
/* End PBXBuildFile section */

/* Begin PBXFileReference section */
		C1BF01F41F20547E0078E7FF /* TextLayerTest.app */ = {isa = PBXFileReference; explicitFileType = wrapper.application; includeInIndex = 0; path = TextLayerTest.app; sourceTree = BUILT_PRODUCTS_DIR; };
		C1BF01F71F20547E0078E7FF /* AppDelegate.swift */ = {isa = PBXFileReference; lastKnownFileType = sourcecode.swift; path = AppDelegate.swift; sourceTree = "<group>"; };
		C1BF01F91F20547E0078E7FF /* ViewController.swift */ = {isa = PBXFileReference; lastKnownFileType = sourcecode.swift; path = ViewController.swift; sourceTree = "<group>"; };
		C1BF01FC1F20547E0078E7FF /* Base */ = {isa = PBXFileReference; lastKnownFileType = file.storyboard; name = Base; path = Base.lproj/Main.storyboard; sourceTree = "<group>"; };
		C1BF01FE1F20547E0078E7FF /* Assets.xcassets */ = {isa = PBXFileReference; lastKnownFileType = folder.assetcatalog; path = Assets.xcassets; sourceTree = "<group>"; };
		C1BF02011F20547E0078E7FF /* Base */ = {isa = PBXFileReference; lastKnownFileType = file.storyboard; name = Base; path = Base.lproj/LaunchScreen.storyboard; sourceTree = "<group>"; };
		C1BF02031F20547E0078E7FF /* Info.plist */ = {isa = PBXFileReference; lastKnownFileType = text.plist.xml; path = Info.plist; sourceTree = "<group>"; };
/* End PBXFileReference section */

/* Begin PBXFrameworksBuildPhase section */
		C1BF01F11F20547E0078E7FF /* Frameworks */ = {
			isa = PBXFrameworksBuildPhase;
			buildActionMask = 2147483647;
			files = (
			);
			runOnlyForDeploymentPostprocessing = 0;
		};
/* End PBXFrameworksBuildPhase section */

/* Begin PBXGroup section */
		C1BF01EB1F20547D0078E7FF = {
			isa = PBXGroup;
			children = (
				C1BF01F61F20547E0078E7FF /* TextLayerTest */,
				C1BF01F51F20547E0078E7FF /* Products */,
			);
			sourceTree = "<group>";
		};
		C1BF01F51F20547E0078E7FF /* Products */ = {
			isa = PBXGroup;
			children = (
				C1BF01F41F20547E0078E7FF /* TextLayerTest.app */,
			);
			name = Products;
			sourceTree = "<group>";
		};
		C1BF01F61F20547E0078E7FF /* TextLayerTest */ = {
			isa = PBXGroup;
			children = (
				C1BF01F71F20547E0078E7FF /* AppDelegate.swift */,
				C1BF01F91F20547E0078E7FF /* ViewController.swift */,
				C1BF01FB1F20547E0078E7FF /* Main.storyboard */,
				C1BF01FE1F20547E0078E7FF /* Assets.xcassets */,
				C1BF02001F20547E0078E7FF /* LaunchScreen.storyboard */,
				C1BF02031F20547E0078E7FF /* Info.plist */,
			);
			path = TextLayerTest;
			sourceTree = "<group>";
		};
/* End PBXGroup section */

/* Begin PBXNativeTarget section */
		C1BF01F31F20547E0078E7FF /* TextLayerTest */ = {
			isa = PBXNativeTarget;
			buildConfigurationList = C1BF02061F20547E0078E7FF /* Build configuration list for PBXNativeTarget "TextLayerTest" */;
			buildPhases = (
				C1BF01F01F20547E0078E7FF /* Sources */,
				C1BF01F11F20547E0078E7FF /* Frameworks */,
				C1BF01F21F20547E0078E7FF /* Resources */,
			);
			buildRules = (
			);
			dependencies = (
			);
			name = TextLayerTest;
			productName = TextLayerTest;
			productReference = C1BF01F41F20547E0078E7FF /* TextLayerTest.app */;
			productType = "com.apple.product-type.application";
		};
/* End PBXNativeTarget section */

/* Begin PBXProject section */
		C1BF01EC1F20547E0078E7FF /* Project object */ = {
			isa = PBXProject;
			attributes = {
				LastSwiftUpdateCheck = 0830;
				LastUpgradeCheck = 0830;
				ORGANIZATIONNAME = pxl;
				TargetAttributes = {
					C1BF01F31F20547E0078E7FF = {
						CreatedOnToolsVersion = 8.3.3;
						DevelopmentTeam = QD82P77WSG;
						ProvisioningStyle = Automatic;
					};
				};
			};
			buildConfigurationList = C1BF01EF1F20547E0078E7FF /* Build configuration list for PBXProject "TextLayerTest" */;
			compatibilityVersion = "Xcode 3.2";
			developmentRegion = English;
			hasScannedForEncodings = 0;
			knownRegions = (
				en,
				Base,
			);
			mainGroup = C1BF01EB1F20547D0078E7FF;
			productRefGroup = C1BF01F51F20547E0078E7FF /* Products */;
			projectDirPath = "";
			projectRoot = "";
			targets = (
				C1BF01F31F20547E0078E7FF /* TextLayerTest */,
			);
		};
/* End PBXProject section */

/* Begin PBXResourcesBuildPhase section */
		C1BF01F21F20547E0078E7FF /* Resources */ = {
			isa = PBXResourcesBuildPhase;
			buildActionMask = 2147483647;
			files = (
				C1BF02021F20547E0078E7FF /* LaunchScreen.storyboard in Resources */,
				C1BF01FF1F20547E0078E7FF /* Assets.xcassets in Resources */,
				C1BF01FD1F20547E0078E7FF /* Main.storyboard in Resources */,
			);
			runOnlyForDeploymentPostprocessing = 0;
		};
/* End PBXResourcesBuildPhase section */

/* Begin PBXSourcesBuildPhase section */
		C1BF01F01F20547E0078E7FF /* Sources */ = {
			isa = PBXSourcesBuildPhase;
			buildActionMask = 2147483647;
			files = (
				C1BF01FA1F20547E0078E7FF /* ViewController.swift in Sources */,
				C1BF01F81F20547E0078E7FF /* AppDelegate.swift in Sources */,
			);
			runOnlyForDeploymentPostprocessing = 0;
		};
/* End PBXSourcesBuildPhase section */

/* Begin PBXVariantGroup section */
		C1BF01FB1F20547E0078E7FF /* Main.storyboard */ = {
			isa = PBXVariantGroup;
			children = (
				C1BF01FC1F20547E0078E7FF /* Base */,
			);
			name = Main.storyboard;
			sourceTree = "<group>";
		};
		C1BF02001F20547E0078E7FF /* LaunchScreen.storyboard */ = {
			isa = PBXVariantGroup;
			children = (
				C1BF02011F20547E0078E7FF /* Base */,
			);
			name = LaunchScreen.storyboard;
			sourceTree = "<group>";
		};
/* End PBXVariantGroup section */

/* Begin XCBuildConfiguration section */
		C1BF02041F20547E0078E7FF /* Debug */ = {
			isa = XCBuildConfiguration;
			buildSettings = {
				ALWAYS_SEARCH_USER_PATHS = NO;
				CLANG_ANALYZER_NONNULL = YES;
				CLANG_ANALYZER_NUMBER_OBJECT_CONVERSION = YES_AGGRESSIVE;
				CLANG_CXX_LANGUAGE_STANDARD = "gnu++0x";
				CLANG_CXX_LIBRARY = "libc++";
				CLANG_ENABLE_MODULES = YES;
				CLANG_ENABLE_OBJC_ARC = YES;
				CLANG_WARN_BOOL_CONVERSION = YES;
				CLANG_WARN_CONSTANT_CONVERSION = YES;
				CLANG_WARN_DIRECT_OBJC_ISA_USAGE = YES_ERROR;
				CLANG_WARN_DOCUMENTATION_COMMENTS = YES;
				CLANG_WARN_EMPTY_BODY = YES;
				CLANG_WARN_ENUM_CONVERSION = YES;
				CLANG_WARN_INFINITE_RECURSION = YES;
				CLANG_WARN_INT_CONVERSION = YES;
				CLANG_WARN_OBJC_ROOT_CLASS = YES_ERROR;
				CLANG_WARN_SUSPICIOUS_MOVE = YES;
				CLANG_WARN_UNREACHABLE_CODE = YES;
				CLANG_WARN__DUPLICATE_METHOD_MATCH = YES;
				"CODE_SIGN_IDENTITY[sdk=iphoneos*]" = "iPhone Developer";
				COPY_PHASE_STRIP = NO;
				DEBUG_INFORMATION_FORMAT = dwarf;
				ENABLE_STRICT_OBJC_MSGSEND = YES;
				ENABLE_TESTABILITY = YES;
				GCC_C_LANGUAGE_STANDARD = gnu99;
				GCC_DYNAMIC_NO_PIC = NO;
				GCC_NO_COMMON_BLOCKS = YES;
				GCC_OPTIMIZATION_LEVEL = 0;
				GCC_PREPROCESSOR_DEFINITIONS = (
					"DEBUG=1",
					"$(inherited)",
				);
				GCC_WARN_64_TO_32_BIT_CONVERSION = YES;
				GCC_WARN_ABOUT_RETURN_TYPE = YES_ERROR;
				GCC_WARN_UNDECLARED_SELECTOR = YES;
				GCC_WARN_UNINITIALIZED_AUTOS = YES_AGGRESSIVE;
				GCC_WARN_UNUSED_FUNCTION = YES;
				GCC_WARN_UNUSED_VARIABLE = YES;
				IPHONEOS_DEPLOYMENT_TARGET = 10.3;
				MTL_ENABLE_DEBUG_INFO = YES;
				ONLY_ACTIVE_ARCH = YES;
				SDKROOT = iphoneos;
				SWIFT_ACTIVE_COMPILATION_CONDITIONS = DEBUG;
				SWIFT_OPTIMIZATION_LEVEL = "-Onone";
			};
			name = Debug;
		};
		C1BF02051F20547E0078E7FF /* Release */ = {
			isa = XCBuildConfiguration;
			buildSettings = {
				ALWAYS_SEARCH_USER_PATHS = NO;
				CLANG_ANALYZER_NONNULL = YES;
				CLANG_ANALYZER_NUMBER_OBJECT_CONVERSION = YES_AGGRESSIVE;
				CLANG_CXX_LANGUAGE_STANDARD = "gnu++0x";
				CLANG_CXX_LIBRARY = "libc++";
				CLANG_ENABLE_MODULES = YES;
				CLANG_ENABLE_OBJC_ARC = YES;
				CLANG_WARN_BOOL_CONVERSION = YES;
				CLANG_WARN_CONSTANT_CONVERSION = YES;
				CLANG_WARN_DIRECT_OBJC_ISA_USAGE = YES_ERROR;
				CLANG_WARN_DOCUMENTATION_COMMENTS = YES;
				CLANG_WARN_EMPTY_BODY = YES;
				CLANG_WARN_ENUM_CONVERSION = YES;
				CLANG_WARN_INFINITE_RECURSION = YES;
				CLANG_WARN_INT_CONVERSION = YES;
				CLANG_WARN_OBJC_ROOT_CLASS = YES_ERROR;
				CLANG_WARN_SUSPICIOUS_MOVE = YES;
				CLANG_WARN_UNREACHABLE_CODE = YES;
				CLANG_WARN__DUPLICATE_METHOD_MATCH = YES;
				"CODE_SIGN_IDENTITY[sdk=iphoneos*]" = "iPhone Developer";
				COPY_PHASE_STRIP = NO;
				DEBUG_INFORMATION_FORMAT = "dwarf-with-dsym";
				ENABLE_NS_ASSERTIONS = NO;
				ENABLE_STRICT_OBJC_MSGSEND = YES;
				GCC_C_LANGUAGE_STANDARD = gnu99;
				GCC_NO_COMMON_BLOCKS = YES;
				GCC_WARN_64_TO_32_BIT_CONVERSION = YES;
				GCC_WARN_ABOUT_RETURN_TYPE = YES_ERROR;
				GCC_WARN_UNDECLARED_SELECTOR = YES;
				GCC_WARN_UNINITIALIZED_AUTOS = YES_AGGRESSIVE;
				GCC_WARN_UNUSED_FUNCTION = YES;
				GCC_WARN_UNUSED_VARIABLE = YES;
				IPHONEOS_DEPLOYMENT_TARGET = 10.3;
				MTL_ENABLE_DEBUG_INFO = NO;
				SDKROOT = iphoneos;
				SWIFT_OPTIMIZATION_LEVEL = "-Owholemodule";
				VALIDATE_PRODUCT = YES;
			};
			name = Release;
		};
		C1BF02071F20547E0078E7FF /* Debug */ = {
			isa = XCBuildConfiguration;
			buildSettings = {
				ASSETCATALOG_COMPILER_APPICON_NAME = AppIcon;
				DEVELOPMENT_TEAM = QD82P77WSG;
				INFOPLIST_FILE = TextLayerTest/Info.plist;
				LD_RUNPATH_SEARCH_PATHS = "$(inherited) @executable_path/Frameworks";
				PRODUCT_BUNDLE_IDENTIFIER = com.rocfly.TextLayerTest;
				PRODUCT_NAME = "$(TARGET_NAME)";
				SWIFT_VERSION = 3.0;
			};
			name = Debug;
		};
		C1BF02081F20547E0078E7FF /* Release */ = {
			isa = XCBuildConfiguration;
			buildSettings = {
				ASSETCATALOG_COMPILER_APPICON_NAME = AppIcon;
				DEVELOPMENT_TEAM = QD82P77WSG;
				INFOPLIST_FILE = TextLayerTest/Info.plist;
				LD_RUNPATH_SEARCH_PATHS = "$(inherited) @executable_path/Frameworks";
				PRODUCT_BUNDLE_IDENTIFIER = com.rocfly.TextLayerTest;
				PRODUCT_NAME = "$(TARGET_NAME)";
				SWIFT_VERSION = 3.0;
			};
			name = Release;
		};
/* End XCBuildConfiguration section */

/* Begin XCConfigurationList section */
		C1BF01EF1F20547E0078E7FF /* Build configuration list for PBXProject "TextLayerTest" */ = {
			isa = XCConfigurationList;
			buildConfigurations = (
				C1BF02041F20547E0078E7FF /* Debug */,
				C1BF02051F20547E0078E7FF /* Release */,
			);
			defaultConfigurationIsVisible = 0;
			defaultConfigurationName = Release;
		};
		C1BF02061F20547E0078E7FF /* Build configuration list for PBXNativeTarget "TextLayerTest" */ = {
			isa = XCConfigurationList;
			buildConfigurations = (
				C1BF02071F20547E0078E7FF /* Debug */,
				C1BF02081F20547E0078E7FF /* Release */,
			);
			defaultConfigurationIsVisible = 0;
		};
/* End XCConfigurationList section */
	};
	rootObject = C1BF01EC1F20547E0078E7FF /* Project object */;
}
